
Microsoft Visual Studio Solution File, Format Version 12.00
# Visual Studio Version 17
VisualStudioVersion = 17.4.33205.214
MinimumVisualStudioVersion = 10.0.40219.1
Project("{FAE04EC0-301F-11D3-BF4B-00C04F79EFBC}") = "calculators", "calculators\calculators.csproj", "{29FAEADB-11F1-4DEB-939B-BD736393F1D1}"
EndProject
Project("{FAE04EC0-301F-11D3-BF4B-00C04F79EFBC}") = "calculate", "calculate\calculate.csproj", "{1D12980F-F4B0-489D-892F-CF4F190ACDD4}"
EndProject
Global
	GlobalSection(SolutionConfigurationPlatforms) = preSolution
		Debug|Any CPU = Debug|Any CPU
		Release|Any CPU = Release|Any CPU
	EndGlobalSection
	GlobalSection(ProjectConfigurationPlatforms) = postSolution
		{29FAEADB-11F1-4DEB-939B-BD736393F1D1}.Debug|Any CPU.ActiveCfg = Debug|Any CPU
		{29FAEADB-11F1-4DEB-939B-BD736393F1D1}.Debug|Any CPU.Build.0 = Debug|Any CPU
		{29FAEADB-11F1-4DEB-939B-BD736393F1D1}.Release|Any CPU.ActiveCfg = Release|Any CPU
		{29FAEADB-11F1-4DEB-939B-BD736393F1D1}.Release|Any CPU.Build.0 = Release|Any CPU
		{1D12980F-F4B0-489D-892F-CF4F190ACDD4}.Debug|Any CPU.ActiveCfg = Debug|Any CPU
		{1D12980F-F4B0-489D-892F-CF4F190ACDD4}.Debug|Any CPU.Build.0 = Debug|Any CPU
		{1D12980F-F4B0-489D-892F-CF4F190ACDD4}.Release|Any CPU.ActiveCfg = Release|Any CPU
		{1D12980F-F4B0-489D-892F-CF4F190ACDD4}.Release|Any CPU.Build.0 = Release|Any CPU
	EndGlobalSection
	GlobalSection(SolutionProperties) = preSolution
		HideSolutionNode = FALSE
	EndGlobalSection
	GlobalSection(ExtensibilityGlobals) = postSolution
		SolutionGuid = {D955C6D8-BA2C-49BA-979B-A69AF7270231}
	EndGlobalSection
EndGlobal
