
Microsoft Visual Studio Solution File, Format Version 12.00
# Visual Studio Version 17
VisualStudioVersion = 17.5.33530.505
MinimumVisualStudioVersion = 10.0.40219.1
Project("{FAE04EC0-301F-11D3-BF4B-00C04F79EFBC}") = "Assignment7-Crawler", "Assignment7-Crawler\Assignment7-Crawler.csproj", "{4AF20E65-00BA-4F4F-91E5-A56DBD944D58}"
EndProject
Global
	GlobalSection(SolutionConfigurationPlatforms) = preSolution
		Debug|Any CPU = Debug|Any CPU
		Release|Any CPU = Release|Any CPU
	EndGlobalSection
	GlobalSection(ProjectConfigurationPlatforms) = postSolution
		{4AF20E65-00BA-4F4F-91E5-A56DBD944D58}.Debug|Any CPU.ActiveCfg = Debug|Any CPU
		{4AF20E65-00BA-4F4F-91E5-A56DBD944D58}.Debug|Any CPU.Build.0 = Debug|Any CPU
		{4AF20E65-00BA-4F4F-91E5-A56DBD944D58}.Release|Any CPU.ActiveCfg = Release|Any CPU
		{4AF20E65-00BA-4F4F-91E5-A56DBD944D58}.Release|Any CPU.Build.0 = Release|Any CPU
	EndGlobalSection
	GlobalSection(SolutionProperties) = preSolution
		HideSolutionNode = FALSE
	EndGlobalSection
	GlobalSection(ExtensibilityGlobals) = postSolution
		SolutionGuid = {E2B87889-E1A9-4677-AE28-5D4A02CD87D3}
	EndGlobalSection
EndGlobal
